[[package]]
name = "aho-corasick"
version = "0.7.3"
source = "git+https://github.com/mesalock-linux/aho-corasick-sgx#28590fa670f7d27dbc7a3adece4be5680c6d9ba2"
dependencies = [
 "memchr 2.2.0 (git+https://github.com/mesalock-linux/rust-memchr-sgx)",
 "sgx_tstd 1.0.8 (git+https://github.com/baidu/rust-sgx-sdk?rev=v1.0.8)",
]

[[package]]
name = "autocfg"
version = "0.1.4"
source = "registry+https://github.com/rust-lang/crates.io-index"

[[package]]
name = "base64"
version = "0.10.1"
source = "git+https://github.com/mesalock-linux/rust-base64-sgx#ec97e806dc39b1f2def29b186a683240258ba11a"
dependencies = [
 "byteorder 1.3.1 (git+https://github.com/mesalock-linux/byteorder-sgx)",
 "sgx_tstd 1.0.8 (git+https://github.com/baidu/rust-sgx-sdk?rev=v1.0.8)",
]

[[package]]
name = "bincode"
version = "1.1.4"
source = "git+https://github.com/mesalock-linux/bincode-sgx#0ff55b1074cb9ad464d4c69d0c4232c82453e14d"
dependencies = [
 "autocfg 0.1.4 (registry+https://github.com/rust-lang/crates.io-index)",
 "byteorder 1.3.1 (git+https://github.com/mesalock-linux/byteorder-sgx)",
 "serde 1.0.92 (git+https://github.com/mesalock-linux/serde-sgx)",
 "sgx_tstd 1.0.8 (git+https://github.com/baidu/rust-sgx-sdk?rev=v1.0.8)",
]

[[package]]
name = "bit-vec"
version = "0.6.1"
source = "registry+https://github.com/rust-lang/crates.io-index"

[[package]]
name = "bitflags"
version = "1.1.0"
source = "registry+https://github.com/rust-lang/crates.io-index"

[[package]]
name = "byteorder"
version = "1.3.1"
source = "git+https://github.com/mesalock-linux/byteorder-sgx#70965e6bda25f6b77f968684e20b902dc2162a9c"
dependencies = [
 "sgx_tstd 1.0.8 (git+https://github.com/baidu/rust-sgx-sdk?rev=v1.0.8)",
]

[[package]]
name = "bytes"
version = "0.5.0"
source = "git+https://github.com/mesalock-linux/bytes-sgx#6cd5b00da95b6faf15dc2493ffa83a479fbfa335"
dependencies = [
 "byteorder 1.3.1 (git+https://github.com/mesalock-linux/byteorder-sgx)",
 "iovec 0.2.0 (git+https://github.com/mesalock-linux/iovec-sgx)",
 "sgx_tstd 1.0.8 (git+https://github.com/baidu/rust-sgx-sdk?rev=v1.0.8)",
]

[[package]]
name = "cc"
version = "1.0.37"
source = "registry+https://github.com/rust-lang/crates.io-index"

[[package]]
name = "cfg-if"
version = "0.1.9"
source = "registry+https://github.com/rust-lang/crates.io-index"

[[package]]
name = "chrono"
version = "0.4.6"
source = "git+https://github.com/mesalock-linux/chrono-sgx#febc145c77a8e40d869b73bcf4578c6e0c87d4ca"
dependencies = [
 "libc 0.2.58 (registry+https://github.com/rust-lang/crates.io-index)",
 "num-integer 0.1.41 (git+https://github.com/mesalock-linux/num-integer-sgx)",
 "num-traits 0.2.8 (git+https://github.com/mesalock-linux/num-traits-sgx)",
 "sgx_tstd 1.0.8 (git+https://github.com/baidu/rust-sgx-sdk?rev=v1.0.8)",
]

[[package]]
name = "cloudabi"
version = "0.0.3"
source = "registry+https://github.com/rust-lang/crates.io-index"
dependencies = [
 "bitflags 1.1.0 (registry+https://github.com/rust-lang/crates.io-index)",
]

[[package]]
name = "crates-sgx"
version = "0.1.0"
dependencies = [
 "aho-corasick 0.7.3 (git+https://github.com/mesalock-linux/aho-corasick-sgx)",
 "base64 0.10.1 (git+https://github.com/mesalock-linux/rust-base64-sgx)",
 "bincode 1.1.4 (git+https://github.com/mesalock-linux/bincode-sgx)",
 "bit-vec 0.6.1 (registry+https://github.com/rust-lang/crates.io-index)",
 "byteorder 1.3.1 (git+https://github.com/mesalock-linux/byteorder-sgx)",
 "bytes 0.5.0 (git+https://github.com/mesalock-linux/bytes-sgx)",
 "cfg-if 0.1.9 (registry+https://github.com/rust-lang/crates.io-index)",
 "chrono 0.4.6 (git+https://github.com/mesalock-linux/chrono-sgx)",
 "getrandom 0.1.3 (git+https://github.com/mesalock-linux/getrandom-sgx)",
 "heapsize 0.4.2 (git+https://github.com/mesalock-linux/heapsize-sgx)",
 "http 0.1.17 (git+https://github.com/mesalock-linux/http-sgx)",
 "httparse 1.3.3 (registry+https://github.com/rust-lang/crates.io-index)",
 "iovec 0.2.0 (git+https://github.com/mesalock-linux/iovec-sgx)",
 "itertools 0.8.0 (registry+https://github.com/rust-lang/crates.io-index)",
 "itoa 0.4.4 (git+https://github.com/mesalock-linux/itoa-sgx)",
 "lazy_static 1.3.0 (registry+https://github.com/rust-lang/crates.io-index)",
 "log 0.4.6 (git+https://github.com/mesalock-linux/log-sgx)",
 "num-bigint 0.2.2 (git+https://github.com/mesalock-linux/num-bigint-sgx)",
 "num-traits 0.2.8 (git+https://github.com/mesalock-linux/num-traits-sgx)",
 "parity-wasm 0.31.3 (git+https://github.com/mesalock-linux/parity-wasm-sgx?branch=v0.31.3)",
 "quick-error 1.2.2 (git+https://github.com/mesalock-linux/quick-error-sgx)",
 "rand 0.6.5 (git+https://github.com/mesalock-linux/rand-sgx)",
 "regex 1.1.6 (git+https://github.com/mesalock-linux/regex-sgx)",
 "ring 0.14.6 (git+https://github.com/mesalock-linux/ring-sgx)",
 "rustls 0.15.2 (git+https://github.com/mesalock-linux/rustls?branch=mesalock_sgx)",
 "sct 0.5.0 (git+https://github.com/mesalock-linux/sct.rs?branch=mesalock_sgx)",
 "serde 1.0.92 (git+https://github.com/mesalock-linux/serde-sgx)",
 "serde_cbor 0.9.0 (git+https://github.com/mesalock-linux/cbor-sgx)",
 "serde_derive 1.0.92 (git+https://github.com/mesalock-linux/serde-sgx)",
 "serde_json 1.0.39 (git+https://github.com/mesalock-linux/serde-json-sgx)",
 "sgx_alloc 1.0.8 (git+https://github.com/baidu/rust-sgx-sdk?rev=v1.0.8)",
 "sgx_libc 1.0.8 (git+https://github.com/baidu/rust-sgx-sdk?rev=v1.0.8)",
 "sgx_rand 1.0.8 (git+https://github.com/baidu/rust-sgx-sdk?rev=v1.0.8)",
 "sgx_rand_derive 1.0.8 (git+https://github.com/baidu/rust-sgx-sdk?rev=v1.0.8)",
 "sgx_serialize 1.0.8 (git+https://github.com/baidu/rust-sgx-sdk?rev=v1.0.8)",
 "sgx_serialize_derive 1.0.8 (git+https://github.com/baidu/rust-sgx-sdk?rev=v1.0.8)",
 "sgx_serialize_derive_internals 1.0.8 (git+https://github.com/baidu/rust-sgx-sdk?rev=v1.0.8)",
 "sgx_tcrypto 1.0.8 (git+https://github.com/baidu/rust-sgx-sdk?rev=v1.0.8)",
 "sgx_tcrypto_helper 1.0.8 (git+https://github.com/baidu/rust-sgx-sdk?rev=v1.0.8)",
 "sgx_tdh 1.0.8 (git+https://github.com/baidu/rust-sgx-sdk?rev=v1.0.8)",
 "sgx_tkey_exchange 1.0.8 (git+https://github.com/baidu/rust-sgx-sdk?rev=v1.0.8)",
 "sgx_tprotected_fs 1.0.8 (git+https://github.com/baidu/rust-sgx-sdk?rev=v1.0.8)",
 "sgx_trts 1.0.8 (git+https://github.com/baidu/rust-sgx-sdk?rev=v1.0.8)",
 "sgx_tse 1.0.8 (git+https://github.com/baidu/rust-sgx-sdk?rev=v1.0.8)",
 "sgx_tseal 1.0.8 (git+https://github.com/baidu/rust-sgx-sdk?rev=v1.0.8)",
 "sgx_tservice 1.0.8 (git+https://github.com/baidu/rust-sgx-sdk?rev=v1.0.8)",
 "sgx_tstd 1.0.8 (git+https://github.com/baidu/rust-sgx-sdk?rev=v1.0.8)",
 "sgx_tunittest 1.0.8 (git+https://github.com/baidu/rust-sgx-sdk?rev=v1.0.8)",
 "sgx_types 1.0.8 (git+https://github.com/baidu/rust-sgx-sdk?rev=v1.0.8)",
 "sgx_unwind 0.0.1 (git+https://github.com/baidu/rust-sgx-sdk?rev=v1.0.8)",
 "sgx_urts 1.0.8 (git+https://github.com/baidu/rust-sgx-sdk?rev=v1.0.8)",
 "untrusted 0.6.2 (git+https://github.com/briansmith/untrusted?tag=ring-master)",
 "uuid 0.7.4 (git+https://github.com/mesalock-linux/uuid-sgx)",
 "wabt 0.6.0 (git+https://github.com/mesalock-linux/wabt-rs-sgx?branch=v0.6.0-core)",
 "wasmi 0.4.5 (git+https://github.com/mesalock-linux/wasmi-sgx)",
 "webpki 0.19.1 (git+https://github.com/mesalock-linux/webpki?branch=mesalock_sgx)",
 "webpki-roots 0.16.0 (git+https://github.com/mesalock-linux/webpki-roots?branch=mesalock_sgx)",
 "yasna 0.3.0 (git+https://github.com/mesalock-linux/yasna.rs-sgx)",
]

[[package]]
name = "either"
version = "1.5.2"
source = "registry+https://github.com/rust-lang/crates.io-index"

[[package]]
name = "fnv"
version = "1.0.6"
source = "git+https://github.com/mesalock-linux/rust-fnv-sgx#f2fa581815cda4362fcd7d2582860573b4df315d"
dependencies = [
 "hashbrown 0.3.1 (registry+https://github.com/rust-lang/crates.io-index)",
]

[[package]]
name = "fuchsia-cprng"
version = "0.1.1"
source = "registry+https://github.com/rust-lang/crates.io-index"

[[package]]
name = "getrandom"
version = "0.1.3"
source = "git+https://github.com/mesalock-linux/getrandom-sgx#2098ad59b28cceac1b7f57c7b936917122b14ed2"
dependencies = [
 "cloudabi 0.0.3 (registry+https://github.com/rust-lang/crates.io-index)",
 "fuchsia-cprng 0.1.1 (registry+https://github.com/rust-lang/crates.io-index)",
 "libc 0.2.58 (registry+https://github.com/rust-lang/crates.io-index)",
 "sgx_trts 1.0.8 (git+https://github.com/baidu/rust-sgx-sdk?rev=v1.0.8)",
 "sgx_tstd 1.0.8 (git+https://github.com/baidu/rust-sgx-sdk?rev=v1.0.8)",
 "winapi 0.3.7 (registry+https://github.com/rust-lang/crates.io-index)",
]

[[package]]
name = "half"
version = "1.3.0"
source = "registry+https://github.com/rust-lang/crates.io-index"

[[package]]
name = "hashbrown"
version = "0.3.1"
source = "registry+https://github.com/rust-lang/crates.io-index"

[[package]]
name = "heapsize"
version = "0.4.2"
source = "git+https://github.com/mesalock-linux/heapsize-sgx#c311b87df1e3d256e61cc5f4ee86d8f99e345bb9"
dependencies = [
 "sgx_tstd 1.0.8 (git+https://github.com/baidu/rust-sgx-sdk?rev=v1.0.8)",
 "winapi 0.3.7 (registry+https://github.com/rust-lang/crates.io-index)",
]

[[package]]
name = "http"
version = "0.1.17"
source = "git+https://github.com/mesalock-linux/http-sgx#edcaa89282fff336dea7c8ca2f9d1ceacf873669"
dependencies = [
 "bytes 0.5.0 (git+https://github.com/mesalock-linux/bytes-sgx)",
 "fnv 1.0.6 (git+https://github.com/mesalock-linux/rust-fnv-sgx)",
 "itoa 0.4.4 (git+https://github.com/mesalock-linux/itoa-sgx)",
 "sgx_tstd 1.0.8 (git+https://github.com/baidu/rust-sgx-sdk?rev=v1.0.8)",
]

[[package]]
name = "httparse"
version = "1.3.3"
source = "registry+https://github.com/rust-lang/crates.io-index"

[[package]]
name = "iovec"
version = "0.2.0"
source = "git+https://github.com/mesalock-linux/iovec-sgx#0734dd94c957b5de7f4424a2e499434a965f4717"
dependencies = [
 "sgx_libc 1.0.8 (git+https://github.com/baidu/rust-sgx-sdk?rev=v1.0.8)",
 "winapi 0.3.7 (registry+https://github.com/rust-lang/crates.io-index)",
]

[[package]]
name = "itertools"
version = "0.8.0"
source = "registry+https://github.com/rust-lang/crates.io-index"
dependencies = [
 "either 1.5.2 (registry+https://github.com/rust-lang/crates.io-index)",
]

[[package]]
name = "itoa"
version = "0.4.4"
source = "git+https://github.com/mesalock-linux/itoa-sgx#4555d02b2072ce810d4928b189485d8b580b5098"
dependencies = [
 "sgx_tstd 1.0.8 (git+https://github.com/baidu/rust-sgx-sdk?rev=v1.0.8)",
]

[[package]]
name = "lazy_static"
version = "1.3.0"
source = "registry+https://github.com/rust-lang/crates.io-index"
dependencies = [
 "spin 0.5.0 (registry+https://github.com/rust-lang/crates.io-index)",
]

[[package]]
name = "libc"
version = "0.2.58"
source = "registry+https://github.com/rust-lang/crates.io-index"

[[package]]
name = "log"
version = "0.4.6"
source = "git+https://github.com/mesalock-linux/log-sgx#a60a84cf4723b294204ff91d3196b56ae3fce269"
dependencies = [
 "cfg-if 0.1.9 (registry+https://github.com/rust-lang/crates.io-index)",
 "sgx_tstd 1.0.8 (git+https://github.com/baidu/rust-sgx-sdk?rev=v1.0.8)",
]

[[package]]
name = "memchr"
version = "2.2.0"
source = "git+https://github.com/mesalock-linux/rust-memchr-sgx#05f901c8514afb575778b133042d769d35abaab9"
dependencies = [
 "sgx_tstd 1.0.8 (git+https://github.com/baidu/rust-sgx-sdk?rev=v1.0.8)",
 "sgx_types 1.0.8 (git+https://github.com/baidu/rust-sgx-sdk?rev=v1.0.8)",
]

[[package]]
name = "memory_units"
version = "0.3.0"
source = "registry+https://github.com/rust-lang/crates.io-index"

[[package]]
name = "num-bigint"
version = "0.2.2"
source = "git+https://github.com/mesalock-linux/num-bigint-sgx#53b649a82c253b3abe5a90fbddc918e8eb980bdc"
dependencies = [
 "num-integer 0.1.41 (git+https://github.com/mesalock-linux/num-integer-sgx)",
 "num-traits 0.2.8 (git+https://github.com/mesalock-linux/num-traits-sgx)",
 "sgx_tstd 1.0.8 (git+https://github.com/baidu/rust-sgx-sdk?rev=v1.0.8)",
]

[[package]]
name = "num-integer"
version = "0.1.41"
source = "git+https://github.com/mesalock-linux/num-integer-sgx#5a7cacf212358298a1b19f27c2f9e9ab5ae25f8a"
dependencies = [
 "autocfg 0.1.4 (registry+https://github.com/rust-lang/crates.io-index)",
 "num-traits 0.2.8 (git+https://github.com/mesalock-linux/num-traits-sgx)",
 "sgx_tstd 1.0.8 (git+https://github.com/baidu/rust-sgx-sdk?rev=v1.0.8)",
]

[[package]]
name = "num-traits"
version = "0.2.8"
source = "git+https://github.com/mesalock-linux/num-traits-sgx#69a26107a142b59cc80bd43270b24015d89da36e"
dependencies = [
 "autocfg 0.1.4 (registry+https://github.com/rust-lang/crates.io-index)",
 "sgx_tstd 1.0.8 (git+https://github.com/baidu/rust-sgx-sdk?rev=v1.0.8)",
]

[[package]]
name = "parity-wasm"
version = "0.31.3"
source = "git+https://github.com/mesalock-linux/parity-wasm-sgx?branch=v0.31.3#c4ffd5edf62fac6ece9235b38cd39b86c9beee69"
dependencies = [
 "byteorder 1.3.1 (git+https://github.com/mesalock-linux/byteorder-sgx)",
 "sgx_tstd 1.0.8 (git+https://github.com/baidu/rust-sgx-sdk?rev=v1.0.8)",
]

[[package]]
name = "proc-macro2"
version = "0.4.30"
source = "registry+https://github.com/rust-lang/crates.io-index"
dependencies = [
 "unicode-xid 0.1.0 (registry+https://github.com/rust-lang/crates.io-index)",
]

[[package]]
name = "quick-error"
version = "1.2.2"
source = "git+https://github.com/mesalock-linux/quick-error-sgx#a07bb53b96a5685527afe66d37d5378228e22369"

[[package]]
name = "quote"
version = "0.3.15"
source = "registry+https://github.com/rust-lang/crates.io-index"

[[package]]
name = "quote"
version = "0.6.12"
source = "registry+https://github.com/rust-lang/crates.io-index"
dependencies = [
 "proc-macro2 0.4.30 (registry+https://github.com/rust-lang/crates.io-index)",
]

[[package]]
name = "rand"
version = "0.6.5"
source = "git+https://github.com/mesalock-linux/rand-sgx#64aabecac3db32ff4836545e7deab2000b1b966c"
dependencies = [
 "autocfg 0.1.4 (registry+https://github.com/rust-lang/crates.io-index)",
 "getrandom 0.1.3 (git+https://github.com/mesalock-linux/getrandom-sgx)",
 "libc 0.2.58 (registry+https://github.com/rust-lang/crates.io-index)",
 "rand_core 0.4.0 (git+https://github.com/mesalock-linux/rand-sgx)",
 "rand_hc 0.1.0 (git+https://github.com/mesalock-linux/rand-sgx)",
 "rand_pcg 0.1.2 (git+https://github.com/mesalock-linux/rand-sgx)",
 "sgx_tstd 1.0.8 (git+https://github.com/baidu/rust-sgx-sdk?rev=v1.0.8)",
]

[[package]]
name = "rand_core"
version = "0.4.0"
source = "git+https://github.com/mesalock-linux/rand-sgx#64aabecac3db32ff4836545e7deab2000b1b966c"
dependencies = [
 "sgx_tstd 1.0.8 (git+https://github.com/baidu/rust-sgx-sdk?rev=v1.0.8)",
]

[[package]]
name = "rand_hc"
version = "0.1.0"
source = "git+https://github.com/mesalock-linux/rand-sgx#64aabecac3db32ff4836545e7deab2000b1b966c"
dependencies = [
 "rand_core 0.4.0 (git+https://github.com/mesalock-linux/rand-sgx)",
]

[[package]]
name = "rand_pcg"
version = "0.1.2"
source = "git+https://github.com/mesalock-linux/rand-sgx#64aabecac3db32ff4836545e7deab2000b1b966c"
dependencies = [
 "autocfg 0.1.4 (registry+https://github.com/rust-lang/crates.io-index)",
 "rand_core 0.4.0 (git+https://github.com/mesalock-linux/rand-sgx)",
]

[[package]]
name = "regex"
version = "1.1.6"
source = "git+https://github.com/mesalock-linux/regex-sgx#4cd289d3a3ed7107986578e01d780f25d8e44131"
dependencies = [
 "aho-corasick 0.7.3 (git+https://github.com/mesalock-linux/aho-corasick-sgx)",
 "memchr 2.2.0 (git+https://github.com/mesalock-linux/rust-memchr-sgx)",
 "regex-syntax 0.6.6 (git+https://github.com/mesalock-linux/regex-sgx)",
 "sgx_tstd 1.0.8 (git+https://github.com/baidu/rust-sgx-sdk?rev=v1.0.8)",
 "thread_local 0.3.6 (git+https://github.com/mesalock-linux/thread_local-rs-sgx)",
 "utf8-ranges 1.0.2 (git+https://github.com/mesalock-linux/utf8-ranges-sgx)",
]

[[package]]
name = "regex-syntax"
version = "0.6.6"
source = "git+https://github.com/mesalock-linux/regex-sgx#4cd289d3a3ed7107986578e01d780f25d8e44131"
dependencies = [
 "sgx_tstd 1.0.8 (git+https://github.com/baidu/rust-sgx-sdk?rev=v1.0.8)",
 "ucd-util 0.1.3 (git+https://github.com/mesalock-linux/ucd-generate-sgx.git)",
]

[[package]]
name = "ring"
version = "0.14.6"
source = "git+https://github.com/mesalock-linux/ring-sgx#8c764560c0c1dfdde5f3e5391a864e211b53537e"
dependencies = [
 "cc 1.0.37 (registry+https://github.com/rust-lang/crates.io-index)",
 "lazy_static 1.3.0 (registry+https://github.com/rust-lang/crates.io-index)",
 "libc 0.2.58 (registry+https://github.com/rust-lang/crates.io-index)",
 "sgx_tstd 1.0.8 (git+https://github.com/baidu/rust-sgx-sdk?rev=v1.0.8)",
 "spin 0.5.0 (registry+https://github.com/rust-lang/crates.io-index)",
 "untrusted 0.6.2 (git+https://github.com/briansmith/untrusted?tag=ring-master)",
 "winapi 0.3.7 (registry+https://github.com/rust-lang/crates.io-index)",
]

[[package]]
name = "rustls"
version = "0.15.2"
source = "git+https://github.com/mesalock-linux/rustls?branch=mesalock_sgx#5664a838c27910fe5ab72828ff2b63fd6aeab212"
dependencies = [
 "base64 0.10.1 (git+https://github.com/mesalock-linux/rust-base64-sgx)",
 "log 0.4.6 (git+https://github.com/mesalock-linux/log-sgx)",
 "ring 0.14.6 (git+https://github.com/mesalock-linux/ring-sgx)",
 "sct 0.5.0 (git+https://github.com/mesalock-linux/sct.rs?branch=mesalock_sgx)",
 "sgx_tstd 1.0.8 (git+https://github.com/baidu/rust-sgx-sdk?rev=v1.0.8)",
 "untrusted 0.6.2 (git+https://github.com/briansmith/untrusted?tag=ring-master)",
 "webpki 0.19.1 (git+https://github.com/mesalock-linux/webpki?branch=mesalock_sgx)",
]

[[package]]
name = "ryu"
version = "0.2.8"
source = "registry+https://github.com/rust-lang/crates.io-index"

[[package]]
name = "sct"
version = "0.5.0"
source = "git+https://github.com/mesalock-linux/sct.rs?branch=mesalock_sgx#e1deec7f9dbca018da05523a8f58557fe25697a0"
dependencies = [
 "ring 0.14.6 (git+https://github.com/mesalock-linux/ring-sgx)",
 "sgx_tstd 1.0.8 (git+https://github.com/baidu/rust-sgx-sdk?rev=v1.0.8)",
 "untrusted 0.6.2 (git+https://github.com/briansmith/untrusted?tag=ring-master)",
]

[[package]]
name = "serde"
version = "1.0.84"
source = "git+https://github.com/baidu/rust-sgx-sdk?rev=v1.0.8#f19e710977003fe575c9207a4a052e408018e05c"
dependencies = [
 "sgx_tstd 1.0.8 (git+https://github.com/baidu/rust-sgx-sdk?rev=v1.0.8)",
]

[[package]]
name = "serde"
version = "1.0.92"
source = "git+https://github.com/mesalock-linux/serde-sgx#007212f136ac075acb222acb7f9258021965edae"
dependencies = [
 "sgx_tstd 1.0.8 (git+https://github.com/baidu/rust-sgx-sdk?rev=v1.0.8)",
]

[[package]]
name = "serde-big-array"
version = "0.1.3"
source = "git+https://github.com/baidu/rust-sgx-sdk?rev=v1.0.8#f19e710977003fe575c9207a4a052e408018e05c"
dependencies = [
 "serde 1.0.84 (git+https://github.com/baidu/rust-sgx-sdk?rev=v1.0.8)",
 "serde_derive 1.0.84 (git+https://github.com/baidu/rust-sgx-sdk?rev=v1.0.8)",
]

[[package]]
name = "serde_cbor"
version = "0.9.0"
source = "git+https://github.com/mesalock-linux/cbor-sgx#f72c6a9ddcae3aaded30254202b78b0a69b179d2"
dependencies = [
 "byteorder 1.3.1 (git+https://github.com/mesalock-linux/byteorder-sgx)",
 "half 1.3.0 (registry+https://github.com/rust-lang/crates.io-index)",
 "serde 1.0.92 (git+https://github.com/mesalock-linux/serde-sgx)",
 "sgx_tstd 1.0.8 (git+https://github.com/baidu/rust-sgx-sdk?rev=v1.0.8)",
]

[[package]]
name = "serde_derive"
version = "1.0.84"
source = "git+https://github.com/baidu/rust-sgx-sdk?rev=v1.0.8#f19e710977003fe575c9207a4a052e408018e05c"
dependencies = [
 "proc-macro2 0.4.30 (registry+https://github.com/rust-lang/crates.io-index)",
 "quote 0.6.12 (registry+https://github.com/rust-lang/crates.io-index)",
 "syn 0.15.35 (registry+https://github.com/rust-lang/crates.io-index)",
]

[[package]]
name = "serde_derive"
version = "1.0.92"
source = "git+https://github.com/mesalock-linux/serde-sgx#007212f136ac075acb222acb7f9258021965edae"
dependencies = [
 "proc-macro2 0.4.30 (registry+https://github.com/rust-lang/crates.io-index)",
 "quote 0.6.12 (registry+https://github.com/rust-lang/crates.io-index)",
 "syn 0.15.35 (registry+https://github.com/rust-lang/crates.io-index)",
]

[[package]]
name = "serde_json"
version = "1.0.39"
source = "git+https://github.com/mesalock-linux/serde-json-sgx#96dd4c1eb141ec94a930c48b11868c56dffeb8ee"
dependencies = [
 "itoa 0.4.4 (git+https://github.com/mesalock-linux/itoa-sgx)",
 "ryu 0.2.8 (registry+https://github.com/rust-lang/crates.io-index)",
 "serde 1.0.92 (git+https://github.com/mesalock-linux/serde-sgx)",
 "sgx_tstd 1.0.8 (git+https://github.com/baidu/rust-sgx-sdk?rev=v1.0.8)",
]

[[package]]
name = "sgx_alloc"
version = "1.0.8"
source = "git+https://github.com/baidu/rust-sgx-sdk?rev=v1.0.8#f19e710977003fe575c9207a4a052e408018e05c"
dependencies = [
 "sgx_trts 1.0.8 (git+https://github.com/baidu/rust-sgx-sdk?rev=v1.0.8)",
]

[[package]]
name = "sgx_build_helper"
version = "0.1.0"
source = "git+https://github.com/baidu/rust-sgx-sdk?rev=v1.0.8#f19e710977003fe575c9207a4a052e408018e05c"

[[package]]
name = "sgx_libc"
version = "1.0.8"
source = "git+https://github.com/baidu/rust-sgx-sdk?rev=v1.0.8#f19e710977003fe575c9207a4a052e408018e05c"
dependencies = [
 "sgx_types 1.0.8 (git+https://github.com/baidu/rust-sgx-sdk?rev=v1.0.8)",
]

[[package]]
name = "sgx_rand"
version = "1.0.8"
source = "git+https://github.com/baidu/rust-sgx-sdk?rev=v1.0.8#f19e710977003fe575c9207a4a052e408018e05c"
dependencies = [
 "sgx_trts 1.0.8 (git+https://github.com/baidu/rust-sgx-sdk?rev=v1.0.8)",
 "sgx_tstd 1.0.8 (git+https://github.com/baidu/rust-sgx-sdk?rev=v1.0.8)",
 "sgx_types 1.0.8 (git+https://github.com/baidu/rust-sgx-sdk?rev=v1.0.8)",
]

[[package]]
name = "sgx_rand_derive"
version = "1.0.8"
source = "git+https://github.com/baidu/rust-sgx-sdk?rev=v1.0.8#f19e710977003fe575c9207a4a052e408018e05c"
dependencies = [
 "quote 0.3.15 (registry+https://github.com/rust-lang/crates.io-index)",
 "syn 0.11.11 (registry+https://github.com/rust-lang/crates.io-index)",
]

[[package]]
name = "sgx_serialize"
version = "1.0.8"
source = "git+https://github.com/baidu/rust-sgx-sdk?rev=v1.0.8#f19e710977003fe575c9207a4a052e408018e05c"
dependencies = [
 "sgx_tstd 1.0.8 (git+https://github.com/baidu/rust-sgx-sdk?rev=v1.0.8)",
]

[[package]]
name = "sgx_serialize_derive"
version = "1.0.8"
source = "git+https://github.com/baidu/rust-sgx-sdk?rev=v1.0.8#f19e710977003fe575c9207a4a052e408018e05c"
dependencies = [
 "quote 0.3.15 (registry+https://github.com/rust-lang/crates.io-index)",
 "sgx_serialize_derive_internals 1.0.8 (git+https://github.com/baidu/rust-sgx-sdk?rev=v1.0.8)",
 "syn 0.11.11 (registry+https://github.com/rust-lang/crates.io-index)",
]

[[package]]
name = "sgx_serialize_derive_internals"
version = "1.0.8"
source = "git+https://github.com/baidu/rust-sgx-sdk?rev=v1.0.8#f19e710977003fe575c9207a4a052e408018e05c"
dependencies = [
 "syn 0.11.11 (registry+https://github.com/rust-lang/crates.io-index)",
]

[[package]]
name = "sgx_tcrypto"
version = "1.0.8"
source = "git+https://github.com/baidu/rust-sgx-sdk?rev=v1.0.8#f19e710977003fe575c9207a4a052e408018e05c"
dependencies = [
 "sgx_types 1.0.8 (git+https://github.com/baidu/rust-sgx-sdk?rev=v1.0.8)",
]

[[package]]
name = "sgx_tcrypto_helper"
version = "1.0.8"
source = "git+https://github.com/baidu/rust-sgx-sdk?rev=v1.0.8#f19e710977003fe575c9207a4a052e408018e05c"
dependencies = [
 "itertools 0.8.0 (registry+https://github.com/rust-lang/crates.io-index)",
 "serde 1.0.84 (git+https://github.com/baidu/rust-sgx-sdk?rev=v1.0.8)",
 "serde-big-array 0.1.3 (git+https://github.com/baidu/rust-sgx-sdk?rev=v1.0.8)",
 "serde_derive 1.0.84 (git+https://github.com/baidu/rust-sgx-sdk?rev=v1.0.8)",
 "sgx_tcrypto 1.0.8 (git+https://github.com/baidu/rust-sgx-sdk?rev=v1.0.8)",
 "sgx_tstd 1.0.8 (git+https://github.com/baidu/rust-sgx-sdk?rev=v1.0.8)",
 "sgx_types 1.0.8 (git+https://github.com/baidu/rust-sgx-sdk?rev=v1.0.8)",
]

[[package]]
name = "sgx_tdh"
version = "1.0.8"
source = "git+https://github.com/baidu/rust-sgx-sdk?rev=v1.0.8#f19e710977003fe575c9207a4a052e408018e05c"
dependencies = [
 "sgx_tcrypto 1.0.8 (git+https://github.com/baidu/rust-sgx-sdk?rev=v1.0.8)",
 "sgx_trts 1.0.8 (git+https://github.com/baidu/rust-sgx-sdk?rev=v1.0.8)",
 "sgx_tse 1.0.8 (git+https://github.com/baidu/rust-sgx-sdk?rev=v1.0.8)",
 "sgx_types 1.0.8 (git+https://github.com/baidu/rust-sgx-sdk?rev=v1.0.8)",
]

[[package]]
name = "sgx_tkey_exchange"
version = "1.0.8"
source = "git+https://github.com/baidu/rust-sgx-sdk?rev=v1.0.8#f19e710977003fe575c9207a4a052e408018e05c"
dependencies = [
 "sgx_types 1.0.8 (git+https://github.com/baidu/rust-sgx-sdk?rev=v1.0.8)",
]

[[package]]
name = "sgx_tprotected_fs"
version = "1.0.8"
source = "git+https://github.com/baidu/rust-sgx-sdk?rev=v1.0.8#f19e710977003fe575c9207a4a052e408018e05c"
dependencies = [
 "sgx_trts 1.0.8 (git+https://github.com/baidu/rust-sgx-sdk?rev=v1.0.8)",
 "sgx_types 1.0.8 (git+https://github.com/baidu/rust-sgx-sdk?rev=v1.0.8)",
]

[[package]]
name = "sgx_trts"
version = "1.0.8"
source = "git+https://github.com/baidu/rust-sgx-sdk?rev=v1.0.8#f19e710977003fe575c9207a4a052e408018e05c"
dependencies = [
 "sgx_libc 1.0.8 (git+https://github.com/baidu/rust-sgx-sdk?rev=v1.0.8)",
 "sgx_types 1.0.8 (git+https://github.com/baidu/rust-sgx-sdk?rev=v1.0.8)",
]

[[package]]
name = "sgx_tse"
version = "1.0.8"
source = "git+https://github.com/baidu/rust-sgx-sdk?rev=v1.0.8#f19e710977003fe575c9207a4a052e408018e05c"
dependencies = [
 "sgx_types 1.0.8 (git+https://github.com/baidu/rust-sgx-sdk?rev=v1.0.8)",
]

[[package]]
name = "sgx_tseal"
version = "1.0.8"
source = "git+https://github.com/baidu/rust-sgx-sdk?rev=v1.0.8#f19e710977003fe575c9207a4a052e408018e05c"
dependencies = [
 "sgx_tcrypto 1.0.8 (git+https://github.com/baidu/rust-sgx-sdk?rev=v1.0.8)",
 "sgx_trts 1.0.8 (git+https://github.com/baidu/rust-sgx-sdk?rev=v1.0.8)",
 "sgx_tse 1.0.8 (git+https://github.com/baidu/rust-sgx-sdk?rev=v1.0.8)",
 "sgx_types 1.0.8 (git+https://github.com/baidu/rust-sgx-sdk?rev=v1.0.8)",
]

[[package]]
name = "sgx_tservice"
version = "1.0.8"
source = "git+https://github.com/baidu/rust-sgx-sdk?rev=v1.0.8#f19e710977003fe575c9207a4a052e408018e05c"
dependencies = [
 "sgx_types 1.0.8 (git+https://github.com/baidu/rust-sgx-sdk?rev=v1.0.8)",
]

[[package]]
name = "sgx_tstd"
version = "1.0.8"
source = "git+https://github.com/baidu/rust-sgx-sdk?rev=v1.0.8#f19e710977003fe575c9207a4a052e408018e05c"
dependencies = [
 "sgx_alloc 1.0.8 (git+https://github.com/baidu/rust-sgx-sdk?rev=v1.0.8)",
 "sgx_build_helper 0.1.0 (git+https://github.com/baidu/rust-sgx-sdk?rev=v1.0.8)",
 "sgx_libc 1.0.8 (git+https://github.com/baidu/rust-sgx-sdk?rev=v1.0.8)",
 "sgx_tprotected_fs 1.0.8 (git+https://github.com/baidu/rust-sgx-sdk?rev=v1.0.8)",
 "sgx_trts 1.0.8 (git+https://github.com/baidu/rust-sgx-sdk?rev=v1.0.8)",
 "sgx_types 1.0.8 (git+https://github.com/baidu/rust-sgx-sdk?rev=v1.0.8)",
 "sgx_unwind 0.0.1 (git+https://github.com/baidu/rust-sgx-sdk?rev=v1.0.8)",
]

[[package]]
name = "sgx_tunittest"
version = "1.0.8"
source = "git+https://github.com/baidu/rust-sgx-sdk?rev=v1.0.8#f19e710977003fe575c9207a4a052e408018e05c"
dependencies = [
 "sgx_tstd 1.0.8 (git+https://github.com/baidu/rust-sgx-sdk?rev=v1.0.8)",
]

[[package]]
name = "sgx_types"
version = "1.0.8"
source = "git+https://github.com/baidu/rust-sgx-sdk?rev=v1.0.8#f19e710977003fe575c9207a4a052e408018e05c"

[[package]]
name = "sgx_unwind"
version = "0.0.1"
source = "git+https://github.com/baidu/rust-sgx-sdk?rev=v1.0.8#f19e710977003fe575c9207a4a052e408018e05c"
dependencies = [
 "sgx_trts 1.0.8 (git+https://github.com/baidu/rust-sgx-sdk?rev=v1.0.8)",
]

[[package]]
name = "sgx_urts"
version = "1.0.8"
source = "git+https://github.com/baidu/rust-sgx-sdk?rev=v1.0.8#f19e710977003fe575c9207a4a052e408018e05c"
dependencies = [
 "libc 0.2.58 (registry+https://github.com/rust-lang/crates.io-index)",
 "sgx_types 1.0.8 (git+https://github.com/baidu/rust-sgx-sdk?rev=v1.0.8)",
]

[[package]]
name = "spin"
version = "0.5.0"
source = "registry+https://github.com/rust-lang/crates.io-index"

[[package]]
name = "syn"
version = "0.11.11"
source = "registry+https://github.com/rust-lang/crates.io-index"
dependencies = [
 "quote 0.3.15 (registry+https://github.com/rust-lang/crates.io-index)",
 "synom 0.11.3 (registry+https://github.com/rust-lang/crates.io-index)",
 "unicode-xid 0.0.4 (registry+https://github.com/rust-lang/crates.io-index)",
]

[[package]]
name = "syn"
version = "0.15.35"
source = "registry+https://github.com/rust-lang/crates.io-index"
dependencies = [
 "proc-macro2 0.4.30 (registry+https://github.com/rust-lang/crates.io-index)",
 "quote 0.6.12 (registry+https://github.com/rust-lang/crates.io-index)",
 "unicode-xid 0.1.0 (registry+https://github.com/rust-lang/crates.io-index)",
]

[[package]]
name = "synom"
version = "0.11.3"
source = "registry+https://github.com/rust-lang/crates.io-index"
dependencies = [
 "unicode-xid 0.0.4 (registry+https://github.com/rust-lang/crates.io-index)",
]

[[package]]
name = "thread_local"
version = "0.3.6"
source = "git+https://github.com/mesalock-linux/thread_local-rs-sgx#444765d579e02725d912c5c48f02ce583945e391"
dependencies = [
 "lazy_static 1.3.0 (registry+https://github.com/rust-lang/crates.io-index)",
 "sgx_tstd 1.0.8 (git+https://github.com/baidu/rust-sgx-sdk?rev=v1.0.8)",
]

[[package]]
name = "ucd-util"
version = "0.1.3"
source = "git+https://github.com/mesalock-linux/ucd-generate-sgx.git#34b61a6c23a6eee2de6628d5c7182d3a0a3e1fff"
dependencies = [
 "sgx_tstd 1.0.8 (git+https://github.com/baidu/rust-sgx-sdk?rev=v1.0.8)",
]

[[package]]
name = "unicode-xid"
version = "0.0.4"
source = "registry+https://github.com/rust-lang/crates.io-index"

[[package]]
name = "unicode-xid"
version = "0.1.0"
source = "registry+https://github.com/rust-lang/crates.io-index"

[[package]]
name = "untrusted"
version = "0.6.2"
source = "git+https://github.com/briansmith/untrusted?tag=ring-master#b06b39338091ac8abbf3b62b7fbf3c657de015fa"

[[package]]
name = "utf8-ranges"
version = "1.0.2"
source = "git+https://github.com/mesalock-linux/utf8-ranges-sgx#f5934b88f40b47792c3bd73071b0604594c1a87f"
dependencies = [
 "sgx_tstd 1.0.8 (git+https://github.com/baidu/rust-sgx-sdk?rev=v1.0.8)",
]

[[package]]
name = "uuid"
version = "0.7.4"
source = "git+https://github.com/mesalock-linux/uuid-sgx#60d4342723a38b81f9edfa212698c8904c97315e"
dependencies = [
 "byteorder 1.3.1 (git+https://github.com/mesalock-linux/byteorder-sgx)",
 "sgx_tstd 1.0.8 (git+https://github.com/baidu/rust-sgx-sdk?rev=v1.0.8)",
]

[[package]]
name = "wabt"
version = "0.6.0"
source = "git+https://github.com/mesalock-linux/wabt-rs-sgx?branch=v0.6.0-core#4b86f17ce992268fb6831875ac583699552aaf6f"
dependencies = [
 "serde 1.0.92 (git+https://github.com/mesalock-linux/serde-sgx)",
 "serde_derive 1.0.92 (git+https://github.com/mesalock-linux/serde-sgx)",
 "serde_json 1.0.39 (git+https://github.com/mesalock-linux/serde-json-sgx)",
 "sgx_tstd 1.0.8 (git+https://github.com/baidu/rust-sgx-sdk?rev=v1.0.8)",
]

[[package]]
name = "wasmi"
version = "0.4.5"
source = "git+https://github.com/mesalock-linux/wasmi-sgx#0c2d6862991439a371271c3c91b9087a5ce27617"
dependencies = [
 "hashbrown 0.3.1 (registry+https://github.com/rust-lang/crates.io-index)",
 "memory_units 0.3.0 (registry+https://github.com/rust-lang/crates.io-index)",
 "parity-wasm 0.31.3 (git+https://github.com/mesalock-linux/parity-wasm-sgx?branch=v0.31.3)",
 "sgx_tstd 1.0.8 (git+https://github.com/baidu/rust-sgx-sdk?rev=v1.0.8)",
 "wasmi-validation 0.1.0 (git+https://github.com/mesalock-linux/wasmi-sgx)",
]

[[package]]
name = "wasmi-validation"
version = "0.1.0"
source = "git+https://github.com/mesalock-linux/wasmi-sgx#0c2d6862991439a371271c3c91b9087a5ce27617"
dependencies = [
 "hashbrown 0.3.1 (registry+https://github.com/rust-lang/crates.io-index)",
 "parity-wasm 0.31.3 (git+https://github.com/mesalock-linux/parity-wasm-sgx?branch=v0.31.3)",
 "sgx_tstd 1.0.8 (git+https://github.com/baidu/rust-sgx-sdk?rev=v1.0.8)",
]

[[package]]
name = "webpki"
version = "0.19.1"
source = "git+https://github.com/mesalock-linux/webpki?branch=mesalock_sgx#530e7d90fc31e73085f49db0ea20da433e1aa438"
dependencies = [
 "ring 0.14.6 (git+https://github.com/mesalock-linux/ring-sgx)",
 "sgx_tstd 1.0.8 (git+https://github.com/baidu/rust-sgx-sdk?rev=v1.0.8)",
 "untrusted 0.6.2 (git+https://github.com/briansmith/untrusted?tag=ring-master)",
]

[[package]]
name = "webpki-roots"
version = "0.16.0"
source = "git+https://github.com/mesalock-linux/webpki-roots?branch=mesalock_sgx#2ee1817f28db838ffbf0699d5884b287152c44a6"
dependencies = [
 "sgx_tstd 1.0.8 (git+https://github.com/baidu/rust-sgx-sdk?rev=v1.0.8)",
 "untrusted 0.6.2 (git+https://github.com/briansmith/untrusted?tag=ring-master)",
 "webpki 0.19.1 (git+https://github.com/mesalock-linux/webpki?branch=mesalock_sgx)",
]

[[package]]
name = "winapi"
version = "0.3.7"
source = "registry+https://github.com/rust-lang/crates.io-index"
dependencies = [
 "winapi-i686-pc-windows-gnu 0.4.0 (registry+https://github.com/rust-lang/crates.io-index)",
 "winapi-x86_64-pc-windows-gnu 0.4.0 (registry+https://github.com/rust-lang/crates.io-index)",
]

[[package]]
name = "winapi-i686-pc-windows-gnu"
version = "0.4.0"
source = "registry+https://github.com/rust-lang/crates.io-index"

[[package]]
name = "winapi-x86_64-pc-windows-gnu"
version = "0.4.0"
source = "registry+https://github.com/rust-lang/crates.io-index"

[[package]]
name = "yasna"
version = "0.3.0"
source = "git+https://github.com/mesalock-linux/yasna.rs-sgx#f95c399091bf60965ea3d7584c4da73b082d821e"
dependencies = [
 "sgx_tstd 1.0.8 (git+https://github.com/baidu/rust-sgx-sdk?rev=v1.0.8)",
]

[metadata]
"checksum aho-corasick 0.7.3 (git+https://github.com/mesalock-linux/aho-corasick-sgx)" = "<none>"
"checksum autocfg 0.1.4 (registry+https://github.com/rust-lang/crates.io-index)" = "0e49efa51329a5fd37e7c79db4621af617cd4e3e5bc224939808d076077077bf"
"checksum base64 0.10.1 (git+https://github.com/mesalock-linux/rust-base64-sgx)" = "<none>"
"checksum bincode 1.1.4 (git+https://github.com/mesalock-linux/bincode-sgx)" = "<none>"
"checksum bit-vec 0.6.1 (registry+https://github.com/rust-lang/crates.io-index)" = "a4523a10839ffae575fb08aa3423026c8cb4687eef43952afb956229d4f246f7"
"checksum bitflags 1.1.0 (registry+https://github.com/rust-lang/crates.io-index)" = "3d155346769a6855b86399e9bc3814ab343cd3d62c7e985113d46a0ec3c281fd"
"checksum byteorder 1.3.1 (git+https://github.com/mesalock-linux/byteorder-sgx)" = "<none>"
"checksum bytes 0.5.0 (git+https://github.com/mesalock-linux/bytes-sgx)" = "<none>"
"checksum cc 1.0.37 (registry+https://github.com/rust-lang/crates.io-index)" = "39f75544d7bbaf57560d2168f28fd649ff9c76153874db88bdbdfd839b1a7e7d"
"checksum cfg-if 0.1.9 (registry+https://github.com/rust-lang/crates.io-index)" = "b486ce3ccf7ffd79fdeb678eac06a9e6c09fc88d33836340becb8fffe87c5e33"
"checksum chrono 0.4.6 (git+https://github.com/mesalock-linux/chrono-sgx)" = "<none>"
"checksum cloudabi 0.0.3 (registry+https://github.com/rust-lang/crates.io-index)" = "ddfc5b9aa5d4507acaf872de71051dfd0e309860e88966e1051e462a077aac4f"
"checksum either 1.5.2 (registry+https://github.com/rust-lang/crates.io-index)" = "5527cfe0d098f36e3f8839852688e63c8fff1c90b2b405aef730615f9a7bcf7b"
"checksum fnv 1.0.6 (git+https://github.com/mesalock-linux/rust-fnv-sgx)" = "<none>"
"checksum fuchsia-cprng 0.1.1 (registry+https://github.com/rust-lang/crates.io-index)" = "a06f77d526c1a601b7c4cdd98f54b5eaabffc14d5f2f0296febdc7f357c6d3ba"
"checksum getrandom 0.1.3 (git+https://github.com/mesalock-linux/getrandom-sgx)" = "<none>"
"checksum half 1.3.0 (registry+https://github.com/rust-lang/crates.io-index)" = "9353c2a89d550b58fa0061d8ed8d002a7d8cdf2494eb0e432859bd3a9e543836"
"checksum hashbrown 0.3.1 (registry+https://github.com/rust-lang/crates.io-index)" = "29fba9abe4742d586dfd0c06ae4f7e73a1c2d86b856933509b269d82cdf06e18"
"checksum heapsize 0.4.2 (git+https://github.com/mesalock-linux/heapsize-sgx)" = "<none>"
"checksum http 0.1.17 (git+https://github.com/mesalock-linux/http-sgx)" = "<none>"
"checksum httparse 1.3.3 (registry+https://github.com/rust-lang/crates.io-index)" = "e8734b0cfd3bc3e101ec59100e101c2eecd19282202e87808b3037b442777a83"
"checksum iovec 0.2.0 (git+https://github.com/mesalock-linux/iovec-sgx)" = "<none>"
"checksum itertools 0.8.0 (registry+https://github.com/rust-lang/crates.io-index)" = "5b8467d9c1cebe26feb08c640139247fac215782d35371ade9a2136ed6085358"
"checksum itoa 0.4.4 (git+https://github.com/mesalock-linux/itoa-sgx)" = "<none>"
"checksum lazy_static 1.3.0 (registry+https://github.com/rust-lang/crates.io-index)" = "bc5729f27f159ddd61f4df6228e827e86643d4d3e7c32183cb30a1c08f604a14"
"checksum libc 0.2.58 (registry+https://github.com/rust-lang/crates.io-index)" = "6281b86796ba5e4366000be6e9e18bf35580adf9e63fbe2294aadb587613a319"
"checksum log 0.4.6 (git+https://github.com/mesalock-linux/log-sgx)" = "<none>"
"checksum memchr 2.2.0 (git+https://github.com/mesalock-linux/rust-memchr-sgx)" = "<none>"
"checksum memory_units 0.3.0 (registry+https://github.com/rust-lang/crates.io-index)" = "71d96e3f3c0b6325d8ccd83c33b28acb183edcb6c67938ba104ec546854b0882"
"checksum num-bigint 0.2.2 (git+https://github.com/mesalock-linux/num-bigint-sgx)" = "<none>"
"checksum num-integer 0.1.41 (git+https://github.com/mesalock-linux/num-integer-sgx)" = "<none>"
"checksum num-traits 0.2.8 (git+https://github.com/mesalock-linux/num-traits-sgx)" = "<none>"
"checksum parity-wasm 0.31.3 (git+https://github.com/mesalock-linux/parity-wasm-sgx?branch=v0.31.3)" = "<none>"
"checksum proc-macro2 0.4.30 (registry+https://github.com/rust-lang/crates.io-index)" = "cf3d2011ab5c909338f7887f4fc896d35932e29146c12c8d01da6b22a80ba759"
"checksum quick-error 1.2.2 (git+https://github.com/mesalock-linux/quick-error-sgx)" = "<none>"
"checksum quote 0.3.15 (registry+https://github.com/rust-lang/crates.io-index)" = "7a6e920b65c65f10b2ae65c831a81a073a89edd28c7cce89475bff467ab4167a"
"checksum quote 0.6.12 (registry+https://github.com/rust-lang/crates.io-index)" = "faf4799c5d274f3868a4aae320a0a182cbd2baee377b378f080e16a23e9d80db"
"checksum rand 0.6.5 (git+https://github.com/mesalock-linux/rand-sgx)" = "<none>"
"checksum rand_core 0.4.0 (git+https://github.com/mesalock-linux/rand-sgx)" = "<none>"
"checksum rand_hc 0.1.0 (git+https://github.com/mesalock-linux/rand-sgx)" = "<none>"
"checksum rand_pcg 0.1.2 (git+https://github.com/mesalock-linux/rand-sgx)" = "<none>"
"checksum regex 1.1.6 (git+https://github.com/mesalock-linux/regex-sgx)" = "<none>"
"checksum regex-syntax 0.6.6 (git+https://github.com/mesalock-linux/regex-sgx)" = "<none>"
"checksum ring 0.14.6 (git+https://github.com/mesalock-linux/ring-sgx)" = "<none>"
"checksum rustls 0.15.2 (git+https://github.com/mesalock-linux/rustls?branch=mesalock_sgx)" = "<none>"
"checksum ryu 0.2.8 (registry+https://github.com/rust-lang/crates.io-index)" = "b96a9549dc8d48f2c283938303c4b5a77aa29bfbc5b54b084fb1630408899a8f"
"checksum sct 0.5.0 (git+https://github.com/mesalock-linux/sct.rs?branch=mesalock_sgx)" = "<none>"
"checksum serde 1.0.84 (git+https://github.com/baidu/rust-sgx-sdk?rev=v1.0.8)" = "<none>"
"checksum serde 1.0.92 (git+https://github.com/mesalock-linux/serde-sgx)" = "<none>"
"checksum serde-big-array 0.1.3 (git+https://github.com/baidu/rust-sgx-sdk?rev=v1.0.8)" = "<none>"
"checksum serde_cbor 0.9.0 (git+https://github.com/mesalock-linux/cbor-sgx)" = "<none>"
"checksum serde_derive 1.0.84 (git+https://github.com/baidu/rust-sgx-sdk?rev=v1.0.8)" = "<none>"
"checksum serde_derive 1.0.92 (git+https://github.com/mesalock-linux/serde-sgx)" = "<none>"
"checksum serde_json 1.0.39 (git+https://github.com/mesalock-linux/serde-json-sgx)" = "<none>"
"checksum sgx_alloc 1.0.8 (git+https://github.com/baidu/rust-sgx-sdk?rev=v1.0.8)" = "<none>"
"checksum sgx_build_helper 0.1.0 (git+https://github.com/baidu/rust-sgx-sdk?rev=v1.0.8)" = "<none>"
"checksum sgx_libc 1.0.8 (git+https://github.com/baidu/rust-sgx-sdk?rev=v1.0.8)" = "<none>"
"checksum sgx_rand 1.0.8 (git+https://github.com/baidu/rust-sgx-sdk?rev=v1.0.8)" = "<none>"
"checksum sgx_rand_derive 1.0.8 (git+https://github.com/baidu/rust-sgx-sdk?rev=v1.0.8)" = "<none>"
"checksum sgx_serialize 1.0.8 (git+https://github.com/baidu/rust-sgx-sdk?rev=v1.0.8)" = "<none>"
"checksum sgx_serialize_derive 1.0.8 (git+https://github.com/baidu/rust-sgx-sdk?rev=v1.0.8)" = "<none>"
"checksum sgx_serialize_derive_internals 1.0.8 (git+https://github.com/baidu/rust-sgx-sdk?rev=v1.0.8)" = "<none>"
"checksum sgx_tcrypto 1.0.8 (git+https://github.com/baidu/rust-sgx-sdk?rev=v1.0.8)" = "<none>"
"checksum sgx_tcrypto_helper 1.0.8 (git+https://github.com/baidu/rust-sgx-sdk?rev=v1.0.8)" = "<none>"
"checksum sgx_tdh 1.0.8 (git+https://github.com/baidu/rust-sgx-sdk?rev=v1.0.8)" = "<none>"
"checksum sgx_tkey_exchange 1.0.8 (git+https://github.com/baidu/rust-sgx-sdk?rev=v1.0.8)" = "<none>"
"checksum sgx_tprotected_fs 1.0.8 (git+https://github.com/baidu/rust-sgx-sdk?rev=v1.0.8)" = "<none>"
"checksum sgx_trts 1.0.8 (git+https://github.com/baidu/rust-sgx-sdk?rev=v1.0.8)" = "<none>"
"checksum sgx_tse 1.0.8 (git+https://github.com/baidu/rust-sgx-sdk?rev=v1.0.8)" = "<none>"
"checksum sgx_tseal 1.0.8 (git+https://github.com/baidu/rust-sgx-sdk?rev=v1.0.8)" = "<none>"
"checksum sgx_tservice 1.0.8 (git+https://github.com/baidu/rust-sgx-sdk?rev=v1.0.8)" = "<none>"
"checksum sgx_tstd 1.0.8 (git+https://github.com/baidu/rust-sgx-sdk?rev=v1.0.8)" = "<none>"
"checksum sgx_tunittest 1.0.8 (git+https://github.com/baidu/rust-sgx-sdk?rev=v1.0.8)" = "<none>"
"checksum sgx_types 1.0.8 (git+https://github.com/baidu/rust-sgx-sdk?rev=v1.0.8)" = "<none>"
"checksum sgx_unwind 0.0.1 (git+https://github.com/baidu/rust-sgx-sdk?rev=v1.0.8)" = "<none>"
"checksum sgx_urts 1.0.8 (git+https://github.com/baidu/rust-sgx-sdk?rev=v1.0.8)" = "<none>"
"checksum spin 0.5.0 (registry+https://github.com/rust-lang/crates.io-index)" = "44363f6f51401c34e7be73db0db371c04705d35efbe9f7d6082e03a921a32c55"
"checksum syn 0.11.11 (registry+https://github.com/rust-lang/crates.io-index)" = "d3b891b9015c88c576343b9b3e41c2c11a51c219ef067b264bd9c8aa9b441dad"
"checksum syn 0.15.35 (registry+https://github.com/rust-lang/crates.io-index)" = "641e117d55514d6d918490e47102f7e08d096fdde360247e4a10f7a91a8478d3"
"checksum synom 0.11.3 (registry+https://github.com/rust-lang/crates.io-index)" = "a393066ed9010ebaed60b9eafa373d4b1baac186dd7e008555b0f702b51945b6"
"checksum thread_local 0.3.6 (git+https://github.com/mesalock-linux/thread_local-rs-sgx)" = "<none>"
"checksum ucd-util 0.1.3 (git+https://github.com/mesalock-linux/ucd-generate-sgx.git)" = "<none>"
"checksum unicode-xid 0.0.4 (registry+https://github.com/rust-lang/crates.io-index)" = "8c1f860d7d29cf02cb2f3f359fd35991af3d30bac52c57d265a3c461074cb4dc"
"checksum unicode-xid 0.1.0 (registry+https://github.com/rust-lang/crates.io-index)" = "fc72304796d0818e357ead4e000d19c9c174ab23dc11093ac919054d20a6a7fc"
"checksum untrusted 0.6.2 (git+https://github.com/briansmith/untrusted?tag=ring-master)" = "<none>"
"checksum utf8-ranges 1.0.2 (git+https://github.com/mesalock-linux/utf8-ranges-sgx)" = "<none>"
"checksum uuid 0.7.4 (git+https://github.com/mesalock-linux/uuid-sgx)" = "<none>"
"checksum wabt 0.6.0 (git+https://github.com/mesalock-linux/wabt-rs-sgx?branch=v0.6.0-core)" = "<none>"
"checksum wasmi 0.4.5 (git+https://github.com/mesalock-linux/wasmi-sgx)" = "<none>"
"checksum wasmi-validation 0.1.0 (git+https://github.com/mesalock-linux/wasmi-sgx)" = "<none>"
"checksum webpki 0.19.1 (git+https://github.com/mesalock-linux/webpki?branch=mesalock_sgx)" = "<none>"
"checksum webpki-roots 0.16.0 (git+https://github.com/mesalock-linux/webpki-roots?branch=mesalock_sgx)" = "<none>"
"checksum winapi 0.3.7 (registry+https://github.com/rust-lang/crates.io-index)" = "f10e386af2b13e47c89e7236a7a14a086791a2b88ebad6df9bf42040195cf770"
"checksum winapi-i686-pc-windows-gnu 0.4.0 (registry+https://github.com/rust-lang/crates.io-index)" = "ac3b87c63620426dd9b991e5ce0329eff545bccbbb34f3be09ff6fb6ab51b7b6"
"checksum winapi-x86_64-pc-windows-gnu 0.4.0 (registry+https://github.com/rust-lang/crates.io-index)" = "712e227841d057c1ee1cd2fb22fa7e5a5461ae8e48fa2ca79ec42cfc1931183f"
"checksum yasna 0.3.0 (git+https://github.com/mesalock-linux/yasna.rs-sgx)" = "<none>"
